
Microsoft Visual Studio Solution File, Format Version 12.00
# Visual Studio Version 17
VisualStudioVersion = 17.4.33110.190
MinimumVisualStudioVersion = 10.0.40219.1
Project("{FAE04EC0-301F-11D3-BF4B-00C04F79EFBC}") = "ConexionBBDD", "ConexionBBDD\ConexionBBDD.csproj", "{EE290CE5-3C74-4617-91C0-9F729ABEB254}"
EndProject
Global
	GlobalSection(SolutionConfigurationPlatforms) = preSolution
		Debug|Any CPU = Debug|Any CPU
		Release|Any CPU = Release|Any CPU
	EndGlobalSection
	GlobalSection(ProjectConfigurationPlatforms) = postSolution
		{EE290CE5-3C74-4617-91C0-9F729ABEB254}.Debug|Any CPU.ActiveCfg = Debug|Any CPU
		{EE290CE5-3C74-4617-91C0-9F729ABEB254}.Debug|Any CPU.Build.0 = Debug|Any CPU
		{EE290CE5-3C74-4617-91C0-9F729ABEB254}.Release|Any CPU.ActiveCfg = Release|Any CPU
		{EE290CE5-3C74-4617-91C0-9F729ABEB254}.Release|Any CPU.Build.0 = Release|Any CPU
	EndGlobalSection
	GlobalSection(SolutionProperties) = preSolution
		HideSolutionNode = FALSE
	EndGlobalSection
	GlobalSection(ExtensibilityGlobals) = postSolution
		SolutionGuid = {E4F44CC0-DAA6-409C-B5B9-42FE59569C87}
	EndGlobalSection
EndGlobal
